// !$*UTF8*$!
{
	archiveVersion = 1;
	classes = {
	};
	objectVersion = 56;
	objects = {

/* Begin PBXBuildFile section */
		CD93F8772BDD4E2900B07016 /* ReadersDigestApp.swift in Sources */ = {isa = PBXBuildFile; fileRef = CD93F8762BDD4E2900B07016 /* ReadersDigestApp.swift */; };
		CD93F8792BDD4E2900B07016 /* ContentView.swift in Sources */ = {isa = PBXBuildFile; fileRef = CD93F8782BDD4E2900B07016 /* ContentView.swift */; };
		CD93F87B2BDD4E2B00B07016 /* Assets.xcassets in Resources */ = {isa = PBXBuildFile; fileRef = CD93F87A2BDD4E2B00B07016 /* Assets.xcassets */; };
		CD93F87F2BDD4E2B00B07016 /* Preview Assets.xcassets in Resources */ = {isa = PBXBuildFile; fileRef = CD93F87E2BDD4E2B00B07016 /* Preview Assets.xcassets */; };
		CD93F8872BDD50EF00B07016 /* Main.xcdatamodeld in Sources */ = {isa = PBXBuildFile; fileRef = CD93F8852BDD50EF00B07016 /* Main.xcdatamodeld */; };
		CD93F8892BDD546A00B07016 /* DataController.swift in Sources */ = {isa = PBXBuildFile; fileRef = CD93F8882BDD546A00B07016 /* DataController.swift */; };
		CD93F88C2BDD7FA200B07016 /* SidebarView.swift in Sources */ = {isa = PBXBuildFile; fileRef = CD93F88B2BDD7FA200B07016 /* SidebarView.swift */; };
		CD93F88E2BDD7FB300B07016 /* DetailView.swift in Sources */ = {isa = PBXBuildFile; fileRef = CD93F88D2BDD7FB300B07016 /* DetailView.swift */; };
		CD93F8902BDD88A200B07016 /* Filter.swift in Sources */ = {isa = PBXBuildFile; fileRef = CD93F88F2BDD88A200B07016 /* Filter.swift */; };
/* End PBXBuildFile section */

/* Begin PBXFileReference section */
		CD93F8732BDD4E2900B07016 /* ReadersDigest.app */ = {isa = PBXFileReference; explicitFileType = wrapper.application; includeInIndex = 0; path = ReadersDigest.app; sourceTree = BUILT_PRODUCTS_DIR; };
		CD93F8762BDD4E2900B07016 /* ReadersDigestApp.swift */ = {isa = PBXFileReference; lastKnownFileType = sourcecode.swift; path = ReadersDigestApp.swift; sourceTree = "<group>"; };
		CD93F8782BDD4E2900B07016 /* ContentView.swift */ = {isa = PBXFileReference; lastKnownFileType = sourcecode.swift; path = ContentView.swift; sourceTree = "<group>"; };
		CD93F87A2BDD4E2B00B07016 /* Assets.xcassets */ = {isa = PBXFileReference; lastKnownFileType = folder.assetcatalog; path = Assets.xcassets; sourceTree = "<group>"; };
		CD93F87C2BDD4E2B00B07016 /* ReadersDigest.entitlements */ = {isa = PBXFileReference; lastKnownFileType = text.plist.entitlements; path = ReadersDigest.entitlements; sourceTree = "<group>"; };
		CD93F87E2BDD4E2B00B07016 /* Preview Assets.xcassets */ = {isa = PBXFileReference; lastKnownFileType = folder.assetcatalog; path = "Preview Assets.xcassets"; sourceTree = "<group>"; };
		CD93F8862BDD50EF00B07016 /* Main.xcdatamodel */ = {isa = PBXFileReference; lastKnownFileType = wrapper.xcdatamodel; path = Main.xcdatamodel; sourceTree = "<group>"; };
		CD93F8882BDD546A00B07016 /* DataController.swift */ = {isa = PBXFileReference; lastKnownFileType = sourcecode.swift; path = DataController.swift; sourceTree = "<group>"; };
		CD93F88A2BDD7C8000B07016 /* Info.plist */ = {isa = PBXFileReference; lastKnownFileType = text.plist; path = Info.plist; sourceTree = "<group>"; };
		CD93F88B2BDD7FA200B07016 /* SidebarView.swift */ = {isa = PBXFileReference; lastKnownFileType = sourcecode.swift; path = SidebarView.swift; sourceTree = "<group>"; };
		CD93F88D2BDD7FB300B07016 /* DetailView.swift */ = {isa = PBXFileReference; lastKnownFileType = sourcecode.swift; path = DetailView.swift; sourceTree = "<group>"; };
		CD93F88F2BDD88A200B07016 /* Filter.swift */ = {isa = PBXFileReference; lastKnownFileType = sourcecode.swift; path = Filter.swift; sourceTree = "<group>"; };
/* End PBXFileReference section */

/* Begin PBXFrameworksBuildPhase section */
		CD93F8702BDD4E2900B07016 /* Frameworks */ = {
			isa = PBXFrameworksBuildPhase;
			buildActionMask = 2147483647;
			files = (
			);
			runOnlyForDeploymentPostprocessing = 0;
		};
/* End PBXFrameworksBuildPhase section */

/* Begin PBXGroup section */
		CD93F86A2BDD4E2900B07016 = {
			isa = PBXGroup;
			children = (
				CD93F8752BDD4E2900B07016 /* ReadersDigest */,
				CD93F8742BDD4E2900B07016 /* Products */,
			);
			sourceTree = "<group>";
		};
		CD93F8742BDD4E2900B07016 /* Products */ = {
			isa = PBXGroup;
			children = (
				CD93F8732BDD4E2900B07016 /* ReadersDigest.app */,
			);
			name = Products;
			sourceTree = "<group>";
		};
		CD93F8752BDD4E2900B07016 /* ReadersDigest */ = {
			isa = PBXGroup;
			children = (
				CD93F88A2BDD7C8000B07016 /* Info.plist */,
				CD93F8762BDD4E2900B07016 /* ReadersDigestApp.swift */,
				CD93F88B2BDD7FA200B07016 /* SidebarView.swift */,
				CD93F88D2BDD7FB300B07016 /* DetailView.swift */,
				CD93F8782BDD4E2900B07016 /* ContentView.swift */,
				CD93F87A2BDD4E2B00B07016 /* Assets.xcassets */,
				CD93F87C2BDD4E2B00B07016 /* ReadersDigest.entitlements */,
				CD93F87D2BDD4E2B00B07016 /* Preview Content */,
				CD93F8852BDD50EF00B07016 /* Main.xcdatamodeld */,
				CD93F8882BDD546A00B07016 /* DataController.swift */,
				CD93F88F2BDD88A200B07016 /* Filter.swift */,
			);
			path = ReadersDigest;
			sourceTree = "<group>";
		};
		CD93F87D2BDD4E2B00B07016 /* Preview Content */ = {
			isa = PBXGroup;
			children = (
				CD93F87E2BDD4E2B00B07016 /* Preview Assets.xcassets */,
			);
			path = "Preview Content";
			sourceTree = "<group>";
		};
/* End PBXGroup section */

/* Begin PBXNativeTarget section */
		CD93F8722BDD4E2900B07016 /* ReadersDigest */ = {
			isa = PBXNativeTarget;
			buildConfigurationList = CD93F8822BDD4E2B00B07016 /* Build configuration list for PBXNativeTarget "ReadersDigest" */;
			buildPhases = (
				CD93F86F2BDD4E2900B07016 /* Sources */,
				CD93F8702BDD4E2900B07016 /* Frameworks */,
				CD93F8712BDD4E2900B07016 /* Resources */,
			);
			buildRules = (
			);
			dependencies = (
			);
			name = ReadersDigest;
			productName = ReadersDigest;
			productReference = CD93F8732BDD4E2900B07016 /* ReadersDigest.app */;
			productType = "com.apple.product-type.application";
		};
/* End PBXNativeTarget section */

/* Begin PBXProject section */
		CD93F86B2BDD4E2900B07016 /* Project object */ = {
			isa = PBXProject;
			attributes = {
				BuildIndependentTargetsInParallel = 1;
				LastSwiftUpdateCheck = 1530;
				LastUpgradeCheck = 1530;
				TargetAttributes = {
					CD93F8722BDD4E2900B07016 = {
						CreatedOnToolsVersion = 15.3;
					};
				};
			};
			buildConfigurationList = CD93F86E2BDD4E2900B07016 /* Build configuration list for PBXProject "ReadersDigest" */;
			compatibilityVersion = "Xcode 14.0";
			developmentRegion = en;
			hasScannedForEncodings = 0;
			knownRegions = (
				en,
				Base,
			);
			mainGroup = CD93F86A2BDD4E2900B07016;
			productRefGroup = CD93F8742BDD4E2900B07016 /* Products */;
			projectDirPath = "";
			projectRoot = "";
			targets = (
				CD93F8722BDD4E2900B07016 /* ReadersDigest */,
			);
		};
/* End PBXProject section */

/* Begin PBXResourcesBuildPhase section */
		CD93F8712BDD4E2900B07016 /* Resources */ = {
			isa = PBXResourcesBuildPhase;
			buildActionMask = 2147483647;
			files = (
				CD93F87F2BDD4E2B00B07016 /* Preview Assets.xcassets in Resources */,
				CD93F87B2BDD4E2B00B07016 /* Assets.xcassets in Resources */,
			);
			runOnlyForDeploymentPostprocessing = 0;
		};
/* End PBXResourcesBuildPhase section */

/* Begin PBXSourcesBuildPhase section */
		CD93F86F2BDD4E2900B07016 /* Sources */ = {
			isa = PBXSourcesBuildPhase;
			buildActionMask = 2147483647;
			files = (
				CD93F8902BDD88A200B07016 /* Filter.swift in Sources */,
				CD93F8872BDD50EF00B07016 /* Main.xcdatamodeld in Sources */,
				CD93F88E2BDD7FB300B07016 /* DetailView.swift in Sources */,
				CD93F8892BDD546A00B07016 /* DataController.swift in Sources */,
				CD93F88C2BDD7FA200B07016 /* SidebarView.swift in Sources */,
				CD93F8792BDD4E2900B07016 /* ContentView.swift in Sources */,
				CD93F8772BDD4E2900B07016 /* ReadersDigestApp.swift in Sources */,
			);
			runOnlyForDeploymentPostprocessing = 0;
		};
/* End PBXSourcesBuildPhase section */

/* Begin XCBuildConfiguration section */
		CD93F8802BDD4E2B00B07016 /* Debug */ = {
			isa = XCBuildConfiguration;
			buildSettings = {
				ALWAYS_SEARCH_USER_PATHS = NO;
				ASSETCATALOG_COMPILER_GENERATE_SWIFT_ASSET_SYMBOL_EXTENSIONS = YES;
				CLANG_ANALYZER_NONNULL = YES;
				CLANG_ANALYZER_NUMBER_OBJECT_CONVERSION = YES_AGGRESSIVE;
				CLANG_CXX_LANGUAGE_STANDARD = "gnu++20";
				CLANG_ENABLE_MODULES = YES;
				CLANG_ENABLE_OBJC_ARC = YES;
				CLANG_ENABLE_OBJC_WEAK = YES;
				CLANG_WARN_BLOCK_CAPTURE_AUTORELEASING = YES;
				CLANG_WARN_BOOL_CONVERSION = YES;
				CLANG_WARN_COMMA = YES;
				CLANG_WARN_CONSTANT_CONVERSION = YES;
				CLANG_WARN_DEPRECATED_OBJC_IMPLEMENTATIONS = YES;
				CLANG_WARN_DIRECT_OBJC_ISA_USAGE = YES_ERROR;
				CLANG_WARN_DOCUMENTATION_COMMENTS = YES;
				CLANG_WARN_EMPTY_BODY = YES;
				CLANG_WARN_ENUM_CONVERSION = YES;
				CLANG_WARN_INFINITE_RECURSION = YES;
				CLANG_WARN_INT_CONVERSION = YES;
				CLANG_WARN_NON_LITERAL_NULL_CONVERSION = YES;
				CLANG_WARN_OBJC_IMPLICIT_RETAIN_SELF = YES;
				CLANG_WARN_OBJC_LITERAL_CONVERSION = YES;
				CLANG_WARN_OBJC_ROOT_CLASS = YES_ERROR;
				CLANG_WARN_QUOTED_INCLUDE_IN_FRAMEWORK_HEADER = YES;
				CLANG_WARN_RANGE_LOOP_ANALYSIS = YES;
				CLANG_WARN_STRICT_PROTOTYPES = YES;
				CLANG_WARN_SUSPICIOUS_MOVE = YES;
				CLANG_WARN_UNGUARDED_AVAILABILITY = YES_AGGRESSIVE;
				CLANG_WARN_UNREACHABLE_CODE = YES;
				CLANG_WARN__DUPLICATE_METHOD_MATCH = YES;
				COPY_PHASE_STRIP = NO;
				DEBUG_INFORMATION_FORMAT = dwarf;
				ENABLE_STRICT_OBJC_MSGSEND = YES;
				ENABLE_TESTABILITY = YES;
				ENABLE_USER_SCRIPT_SANDBOXING = YES;
				GCC_C_LANGUAGE_STANDARD = gnu17;
				GCC_DYNAMIC_NO_PIC = NO;
				GCC_NO_COMMON_BLOCKS = YES;
				GCC_OPTIMIZATION_LEVEL = 0;
				GCC_PREPROCESSOR_DEFINITIONS = (
					"DEBUG=1",
					"$(inherited)",
				);
				GCC_WARN_64_TO_32_BIT_CONVERSION = YES;
				GCC_WARN_ABOUT_RETURN_TYPE = YES_ERROR;
				GCC_WARN_UNDECLARED_SELECTOR = YES;
				GCC_WARN_UNINITIALIZED_AUTOS = YES_AGGRESSIVE;
				GCC_WARN_UNUSED_FUNCTION = YES;
				GCC_WARN_UNUSED_VARIABLE = YES;
				IPHONEOS_DEPLOYMENT_TARGET = 16.4;
				LOCALIZATION_PREFERS_STRING_CATALOGS = YES;
				MTL_ENABLE_DEBUG_INFO = INCLUDE_SOURCE;
				MTL_FAST_MATH = YES;
				ONLY_ACTIVE_ARCH = YES;
				SWIFT_ACTIVE_COMPILATION_CONDITIONS = "DEBUG $(inherited)";
				SWIFT_OPTIMIZATION_LEVEL = "-Onone";
			};
			name = Debug;
		};
		CD93F8812BDD4E2B00B07016 /* Release */ = {
			isa = XCBuildConfiguration;
			buildSettings = {
				ALWAYS_SEARCH_USER_PATHS = NO;
				ASSETCATALOG_COMPILER_GENERATE_SWIFT_ASSET_SYMBOL_EXTENSIONS = YES;
				CLANG_ANALYZER_NONNULL = YES;
				CLANG_ANALYZER_NUMBER_OBJECT_CONVERSION = YES_AGGRESSIVE;
				CLANG_CXX_LANGUAGE_STANDARD = "gnu++20";
				CLANG_ENABLE_MODULES = YES;
				CLANG_ENABLE_OBJC_ARC = YES;
				CLANG_ENABLE_OBJC_WEAK = YES;
				CLANG_WARN_BLOCK_CAPTURE_AUTORELEASING = YES;
				CLANG_WARN_BOOL_CONVERSION = YES;
				CLANG_WARN_COMMA = YES;
				CLANG_WARN_CONSTANT_CONVERSION = YES;
				CLANG_WARN_DEPRECATED_OBJC_IMPLEMENTATIONS = YES;
				CLANG_WARN_DIRECT_OBJC_ISA_USAGE = YES_ERROR;
				CLANG_WARN_DOCUMENTATION_COMMENTS = YES;
				CLANG_WARN_EMPTY_BODY = YES;
				CLANG_WARN_ENUM_CONVERSION = YES;
				CLANG_WARN_INFINITE_RECURSION = YES;
				CLANG_WARN_INT_CONVERSION = YES;
				CLANG_WARN_NON_LITERAL_NULL_CONVERSION = YES;
				CLANG_WARN_OBJC_IMPLICIT_RETAIN_SELF = YES;
				CLANG_WARN_OBJC_LITERAL_CONVERSION = YES;
				CLANG_WARN_OBJC_ROOT_CLASS = YES_ERROR;
				CLANG_WARN_QUOTED_INCLUDE_IN_FRAMEWORK_HEADER = YES;
				CLANG_WARN_RANGE_LOOP_ANALYSIS = YES;
				CLANG_WARN_STRICT_PROTOTYPES = YES;
				CLANG_WARN_SUSPICIOUS_MOVE = YES;
				CLANG_WARN_UNGUARDED_AVAILABILITY = YES_AGGRESSIVE;
				CLANG_WARN_UNREACHABLE_CODE = YES;
				CLANG_WARN__DUPLICATE_METHOD_MATCH = YES;
				COPY_PHASE_STRIP = NO;
				DEBUG_INFORMATION_FORMAT = "dwarf-with-dsym";
				ENABLE_NS_ASSERTIONS = NO;
				ENABLE_STRICT_OBJC_MSGSEND = YES;
				ENABLE_USER_SCRIPT_SANDBOXING = YES;
				GCC_C_LANGUAGE_STANDARD = gnu17;
				GCC_NO_COMMON_BLOCKS = YES;
				GCC_WARN_64_TO_32_BIT_CONVERSION = YES;
				GCC_WARN_ABOUT_RETURN_TYPE = YES_ERROR;
				GCC_WARN_UNDECLARED_SELECTOR = YES;
				GCC_WARN_UNINITIALIZED_AUTOS = YES_AGGRESSIVE;
				GCC_WARN_UNUSED_FUNCTION = YES;
				GCC_WARN_UNUSED_VARIABLE = YES;
				IPHONEOS_DEPLOYMENT_TARGET = 16.4;
				LOCALIZATION_PREFERS_STRING_CATALOGS = YES;
				MTL_ENABLE_DEBUG_INFO = NO;
				MTL_FAST_MATH = YES;
				SWIFT_COMPILATION_MODE = wholemodule;
			};
			name = Release;
		};
		CD93F8832BDD4E2B00B07016 /* Debug */ = {
			isa = XCBuildConfiguration;
			buildSettings = {
				ASSETCATALOG_COMPILER_APPICON_NAME = AppIcon;
				ASSETCATALOG_COMPILER_GLOBAL_ACCENT_COLOR_NAME = AccentColor;
				CODE_SIGN_ENTITLEMENTS = ReadersDigest/ReadersDigest.entitlements;
				CODE_SIGN_STYLE = Automatic;
				CURRENT_PROJECT_VERSION = 1;
				DEVELOPMENT_ASSET_PATHS = "\"ReadersDigest/Preview Content\"";
				DEVELOPMENT_TEAM = 4P6868U7U5;
				ENABLE_HARDENED_RUNTIME = YES;
				ENABLE_PREVIEWS = YES;
				GENERATE_INFOPLIST_FILE = YES;
				INFOPLIST_FILE = ReadersDigest/Info.plist;
				"INFOPLIST_KEY_UIApplicationSceneManifest_Generation[sdk=iphoneos*]" = YES;
				"INFOPLIST_KEY_UIApplicationSceneManifest_Generation[sdk=iphonesimulator*]" = YES;
				"INFOPLIST_KEY_UIApplicationSupportsIndirectInputEvents[sdk=iphoneos*]" = YES;
				"INFOPLIST_KEY_UIApplicationSupportsIndirectInputEvents[sdk=iphonesimulator*]" = YES;
				"INFOPLIST_KEY_UILaunchScreen_Generation[sdk=iphoneos*]" = YES;
				"INFOPLIST_KEY_UILaunchScreen_Generation[sdk=iphonesimulator*]" = YES;
				"INFOPLIST_KEY_UIStatusBarStyle[sdk=iphoneos*]" = UIStatusBarStyleDefault;
				"INFOPLIST_KEY_UIStatusBarStyle[sdk=iphonesimulator*]" = UIStatusBarStyleDefault;
				INFOPLIST_KEY_UISupportedInterfaceOrientations_iPad = "UIInterfaceOrientationPortrait UIInterfaceOrientationPortraitUpsideDown UIInterfaceOrientationLandscapeLeft UIInterfaceOrientationLandscapeRight";
				INFOPLIST_KEY_UISupportedInterfaceOrientations_iPhone = "UIInterfaceOrientationPortrait UIInterfaceOrientationLandscapeLeft UIInterfaceOrientationLandscapeRight";
				IPHONEOS_DEPLOYMENT_TARGET = 17.3;
				LD_RUNPATH_SEARCH_PATHS = "@executable_path/Frameworks";
				"LD_RUNPATH_SEARCH_PATHS[sdk=macosx*]" = "@executable_path/../Frameworks";
				MACOSX_DEPLOYMENT_TARGET = 14.3;
				MARKETING_VERSION = 1.0;
				PRODUCT_BUNDLE_IDENTIFIER = com.zaplox.ReadersDigest;
				PRODUCT_NAME = "$(TARGET_NAME)";
				SDKROOT = auto;
				SUPPORTED_PLATFORMS = "iphoneos iphonesimulator macosx";
				SWIFT_EMIT_LOC_STRINGS = YES;
				SWIFT_VERSION = 5.0;
				TARGETED_DEVICE_FAMILY = "1,2";
			};
			name = Debug;
		};
		CD93F8842BDD4E2B00B07016 /* Release */ = {
			isa = XCBuildConfiguration;
			buildSettings = {
				ASSETCATALOG_COMPILER_APPICON_NAME = AppIcon;
				ASSETCATALOG_COMPILER_GLOBAL_ACCENT_COLOR_NAME = AccentColor;
				CODE_SIGN_ENTITLEMENTS = ReadersDigest/ReadersDigest.entitlements;
				CODE_SIGN_STYLE = Automatic;
				CURRENT_PROJECT_VERSION = 1;
				DEVELOPMENT_ASSET_PATHS = "\"ReadersDigest/Preview Content\"";
				DEVELOPMENT_TEAM = 4P6868U7U5;
				ENABLE_HARDENED_RUNTIME = YES;
				ENABLE_PREVIEWS = YES;
				GENERATE_INFOPLIST_FILE = YES;
				INFOPLIST_FILE = ReadersDigest/Info.plist;
				"INFOPLIST_KEY_UIApplicationSceneManifest_Generation[sdk=iphoneos*]" = YES;
				"INFOPLIST_KEY_UIApplicationSceneManifest_Generation[sdk=iphonesimulator*]" = YES;
				"INFOPLIST_KEY_UIApplicationSupportsIndirectInputEvents[sdk=iphoneos*]" = YES;
				"INFOPLIST_KEY_UIApplicationSupportsIndirectInputEvents[sdk=iphonesimulator*]" = YES;
				"INFOPLIST_KEY_UILaunchScreen_Generation[sdk=iphoneos*]" = YES;
				"INFOPLIST_KEY_UILaunchScreen_Generation[sdk=iphonesimulator*]" = YES;
				"INFOPLIST_KEY_UIStatusBarStyle[sdk=iphoneos*]" = UIStatusBarStyleDefault;
				"INFOPLIST_KEY_UIStatusBarStyle[sdk=iphonesimulator*]" = UIStatusBarStyleDefault;
				INFOPLIST_KEY_UISupportedInterfaceOrientations_iPad = "UIInterfaceOrientationPortrait UIInterfaceOrientationPortraitUpsideDown UIInterfaceOrientationLandscapeLeft UIInterfaceOrientationLandscapeRight";
				INFOPLIST_KEY_UISupportedInterfaceOrientations_iPhone = "UIInterfaceOrientationPortrait UIInterfaceOrientationLandscapeLeft UIInterfaceOrientationLandscapeRight";
				IPHONEOS_DEPLOYMENT_TARGET = 17.3;
				LD_RUNPATH_SEARCH_PATHS = "@executable_path/Frameworks";
				"LD_RUNPATH_SEARCH_PATHS[sdk=macosx*]" = "@executable_path/../Frameworks";
				MACOSX_DEPLOYMENT_TARGET = 14.3;
				MARKETING_VERSION = 1.0;
				PRODUCT_BUNDLE_IDENTIFIER = com.zaplox.ReadersDigest;
				PRODUCT_NAME = "$(TARGET_NAME)";
				SDKROOT = auto;
				SUPPORTED_PLATFORMS = "iphoneos iphonesimulator macosx";
				SWIFT_EMIT_LOC_STRINGS = YES;
				SWIFT_VERSION = 5.0;
				TARGETED_DEVICE_FAMILY = "1,2";
			};
			name = Release;
		};
/* End XCBuildConfiguration section */

/* Begin XCConfigurationList section */
		CD93F86E2BDD4E2900B07016 /* Build configuration list for PBXProject "ReadersDigest" */ = {
			isa = XCConfigurationList;
			buildConfigurations = (
				CD93F8802BDD4E2B00B07016 /* Debug */,
				CD93F8812BDD4E2B00B07016 /* Release */,
			);
			defaultConfigurationIsVisible = 0;
			defaultConfigurationName = Release;
		};
		CD93F8822BDD4E2B00B07016 /* Build configuration list for PBXNativeTarget "ReadersDigest" */ = {
			isa = XCConfigurationList;
			buildConfigurations = (
				CD93F8832BDD4E2B00B07016 /* Debug */,
				CD93F8842BDD4E2B00B07016 /* Release */,
			);
			defaultConfigurationIsVisible = 0;
			defaultConfigurationName = Release;
		};
/* End XCConfigurationList section */

/* Begin XCVersionGroup section */
		CD93F8852BDD50EF00B07016 /* Main.xcdatamodeld */ = {
			isa = XCVersionGroup;
			children = (
				CD93F8862BDD50EF00B07016 /* Main.xcdatamodel */,
			);
			currentVersion = CD93F8862BDD50EF00B07016 /* Main.xcdatamodel */;
			name = Main.xcdatamodeld;
			path = /Users/prakash/Code/apple/ReadersDigest/ReadersDigest/Main.xcdatamodeld;
			sourceTree = "<group>";
			versionGroupType = wrapper.xcdatamodel;
		};
/* End XCVersionGroup section */
	};
	rootObject = CD93F86B2BDD4E2900B07016 /* Project object */;
}
